
Microsoft Visual Studio Solution File, Format Version 12.00
# Visual Studio Version 17
VisualStudioVersion = 17.4.33213.308
MinimumVisualStudioVersion = 10.0.40219.1
Project("{FAE04EC0-301F-11D3-BF4B-00C04F79EFBC}") = "WebApplication1", "WebApplication1\WebApplication1.csproj", "{15F3955C-3A62-40DB-8A08-B83934B2674C}"
EndProject
Global
	GlobalSection(SolutionConfigurationPlatforms) = preSolution
		Debug|Any CPU = Debug|Any CPU
		Release|Any CPU = Release|Any CPU
	EndGlobalSection
	GlobalSection(ProjectConfigurationPlatforms) = postSolution
		{15F3955C-3A62-40DB-8A08-B83934B2674C}.Debug|Any CPU.ActiveCfg = Debug|Any CPU
		{15F3955C-3A62-40DB-8A08-B83934B2674C}.Debug|Any CPU.Build.0 = Debug|Any CPU
		{15F3955C-3A62-40DB-8A08-B83934B2674C}.Release|Any CPU.ActiveCfg = Release|Any CPU
		{15F3955C-3A62-40DB-8A08-B83934B2674C}.Release|Any CPU.Build.0 = Release|Any CPU
	EndGlobalSection
	GlobalSection(SolutionProperties) = preSolution
		HideSolutionNode = FALSE
	EndGlobalSection
	GlobalSection(ExtensibilityGlobals) = postSolution
		SolutionGuid = {022F9CCD-9293-44B4-BAA2-A2BFC0ED4F50}
	EndGlobalSection
EndGlobal
